
Microsoft Visual Studio Solution File, Format Version 12.00
# Visual Studio Version 17
VisualStudioVersion = 17.10.35201.131
MinimumVisualStudioVersion = 10.0.40219.1
Project("{9A19103F-16F7-4668-BE54-9A1E7A4F7556}") = "AnimeVault", "AnimeVault.csproj", "{6C6BCC47-867F-41E3-BB5F-3E936AAA96B4}"
EndProject
Project("{9A19103F-16F7-4668-BE54-9A1E7A4F7556}") = "AnimeVault.Desktop", "..\AnimeVault.Desktop\AnimeVault.Desktop.csproj", "{F2662814-D1B0-48E0-93DD-85938D6A9D66}"
EndProject
Global
	GlobalSection(SolutionConfigurationPlatforms) = preSolution
		Debug|Any CPU = Debug|Any CPU
		Release|Any CPU = Release|Any CPU
	EndGlobalSection
	GlobalSection(ProjectConfigurationPlatforms) = postSolution
		{6C6BCC47-867F-41E3-BB5F-3E936AAA96B4}.Debug|Any CPU.ActiveCfg = Debug|Any CPU
		{6C6BCC47-867F-41E3-BB5F-3E936AAA96B4}.Debug|Any CPU.Build.0 = Debug|Any CPU
		{6C6BCC47-867F-41E3-BB5F-3E936AAA96B4}.Release|Any CPU.ActiveCfg = Release|Any CPU
		{6C6BCC47-867F-41E3-BB5F-3E936AAA96B4}.Release|Any CPU.Build.0 = Release|Any CPU
		{F2662814-D1B0-48E0-93DD-85938D6A9D66}.Debug|Any CPU.ActiveCfg = Debug|Any CPU
		{F2662814-D1B0-48E0-93DD-85938D6A9D66}.Debug|Any CPU.Build.0 = Debug|Any CPU
		{F2662814-D1B0-48E0-93DD-85938D6A9D66}.Release|Any CPU.ActiveCfg = Release|Any CPU
		{F2662814-D1B0-48E0-93DD-85938D6A9D66}.Release|Any CPU.Build.0 = Release|Any CPU
	EndGlobalSection
	GlobalSection(SolutionProperties) = preSolution
		HideSolutionNode = FALSE
	EndGlobalSection
	GlobalSection(ExtensibilityGlobals) = postSolution
		SolutionGuid = {576B9C9D-BADB-49A7-B8CB-45FB35AAD498}
	EndGlobalSection
EndGlobal
